
Microsoft Visual Studio Solution File, Format Version 12.00
# Visual Studio 2012
Project("{FAE04EC0-301F-11D3-BF4B-00C04F79EFBC}") = "TwitchSteamID", "TwitchSteamID\TwitchSteamID.csproj", "{028DC22F-7C35-4998-8EAB-ECDA0A2561EF}"
EndProject
Project("{FAE04EC0-301F-11D3-BF4B-00C04F79EFBC}") = "TwitchSteamIDExample", "TwitchSteamIDExample\TwitchSteamIDExample.csproj", "{9EABA010-1309-4974-BAD2-A2D4F8B52C43}"
	ProjectSection(ProjectDependencies) = postProject
		{028DC22F-7C35-4998-8EAB-ECDA0A2561EF} = {028DC22F-7C35-4998-8EAB-ECDA0A2561EF}
	EndProjectSection
EndProject
Global
	GlobalSection(SolutionConfigurationPlatforms) = preSolution
		Debug|Any CPU = Debug|Any CPU
		Release|Any CPU = Release|Any CPU
	EndGlobalSection
	GlobalSection(ProjectConfigurationPlatforms) = postSolution
		{028DC22F-7C35-4998-8EAB-ECDA0A2561EF}.Debug|Any CPU.ActiveCfg = Debug|Any CPU
		{028DC22F-7C35-4998-8EAB-ECDA0A2561EF}.Debug|Any CPU.Build.0 = Debug|Any CPU
		{028DC22F-7C35-4998-8EAB-ECDA0A2561EF}.Release|Any CPU.ActiveCfg = Release|Any CPU
		{028DC22F-7C35-4998-8EAB-ECDA0A2561EF}.Release|Any CPU.Build.0 = Release|Any CPU
		{9EABA010-1309-4974-BAD2-A2D4F8B52C43}.Debug|Any CPU.ActiveCfg = Debug|Any CPU
		{9EABA010-1309-4974-BAD2-A2D4F8B52C43}.Debug|Any CPU.Build.0 = Debug|Any CPU
		{9EABA010-1309-4974-BAD2-A2D4F8B52C43}.Release|Any CPU.ActiveCfg = Release|Any CPU
		{9EABA010-1309-4974-BAD2-A2D4F8B52C43}.Release|Any CPU.Build.0 = Release|Any CPU
	EndGlobalSection
	GlobalSection(SolutionProperties) = preSolution
		HideSolutionNode = FALSE
	EndGlobalSection
EndGlobal
